// !$*UTF8*$!
{
	archiveVersion = 1;
	classes = {
	};
	objectVersion = 110;
	objects = {

/* Begin PBXBuildFile section */
		A100000000000000000000A3 /* AgentKit in Frameworks */ = {isa = PBXBuildFile; productRef = A100000000000000000000A2 /* AgentKit */; };
/* End PBXBuildFile section */

/* Begin PBXContainerItemProxy section */
		2F0080B32FFB011500074164 /* PBXContainerItemProxy */ = {
			isa = PBXContainerItemProxy;
			containerPortal = 2F00809D2FFB011400074164 /* Project object */;
			proxyType = 1;
			remoteGlobalIDString = 2F0080A42FFB011400074164;
			remoteInfo = AgentHubMac;
		};
		2F0080BD2FFB011500074164 /* PBXContainerItemProxy */ = {
			isa = PBXContainerItemProxy;
			containerPortal = 2F00809D2FFB011400074164 /* Project object */;
			proxyType = 1;
			remoteGlobalIDString = 2F0080A42FFB011400074164;
			remoteInfo = AgentHubMac;
		};
/* End PBXContainerItemProxy section */

/* Begin PBXFileReference section */
		2F0080A52FFB011400074164 /* AgentHubMac.app */ = {isa = PBXFileReference; explicitFileType = wrapper.application; includeInIndex = 0; path = AgentHubMac.app; sourceTree = BUILT_PRODUCTS_DIR; };
		2F0080B22FFB011500074164 /* AgentHubMacTests.xctest */ = {isa = PBXFileReference; explicitFileType = wrapper.cfbundle; includeInIndex = 0; path = AgentHubMacTests.xctest; sourceTree = BUILT_PRODUCTS_DIR; };
		2F0080BC2FFB011500074164 /* AgentHubMacUITests.xctest */ = {isa = PBXFileReference; explicitFileType = wrapper.cfbundle; includeInIndex = 0; path = AgentHubMacUITests.xctest; sourceTree = BUILT_PRODUCTS_DIR; };
/* End PBXFileReference section */

/* Begin PBXFileSystemSynchronizedRootGroup section */
		2F0080A72FFB011400074164 /* AgentHubMac */ = {
			isa = PBXFileSystemSynchronizedRootGroup;
			path = AgentHubMac;
			sourceTree = "<group>";
		};
		2F0080B52FFB011500074164 /* AgentHubMacTests */ = {
			isa = PBXFileSystemSynchronizedRootGroup;
			path = AgentHubMacTests;
			sourceTree = "<group>";
		};
		2F0080BF2FFB011500074164 /* AgentHubMacUITests */ = {
			isa = PBXFileSystemSynchronizedRootGroup;
			path = AgentHubMacUITests;
			sourceTree = "<group>";
		};
/* End PBXFileSystemSynchronizedRootGroup section */

/* Begin PBXFrameworksBuildPhase section */
		2F0080A22FFB011400074164 /* Frameworks */ = {
			isa = PBXFrameworksBuildPhase;
			files = (
				A100000000000000000000A3 /* AgentKit in Frameworks */,
			);
		};
		2F0080AF2FFB011500074164 /* Frameworks */ = {
			isa = PBXFrameworksBuildPhase;
			files = (
			);
		};
		2F0080B92FFB011500074164 /* Frameworks */ = {
			isa = PBXFrameworksBuildPhase;
			files = (
			);
		};
/* End PBXFrameworksBuildPhase section */

/* Begin PBXGroup section */
		2F00809C2FFB011400074164 = {
			isa = PBXGroup;
			children = (
				2F0080A72FFB011400074164 /* AgentHubMac */,
				2F0080B52FFB011500074164 /* AgentHubMacTests */,
				2F0080BF2FFB011500074164 /* AgentHubMacUITests */,
				2F0080A62FFB011400074164 /* Products */,
			);
			sourceTree = "<group>";
		};
		2F0080A62FFB011400074164 /* Products */ = {
			isa = PBXGroup;
			children = (
				2F0080A52FFB011400074164 /* AgentHubMac.app */,
				2F0080B22FFB011500074164 /* AgentHubMacTests.xctest */,
				2F0080BC2FFB011500074164 /* AgentHubMacUITests.xctest */,
			);
			name = Products;
			sourceTree = "<group>";
		};
/* End PBXGroup section */

/* Begin PBXNativeTarget section */
		2F0080A42FFB011400074164 /* AgentHubMac */ = {
			isa = PBXNativeTarget;
			buildConfigurationList = 2F0080C42FFB011500074164 /* Build configuration list for PBXNativeTarget "AgentHubMac" */;
			buildPhases = (
				2F0080A12FFB011400074164 /* Sources */,
				2F0080A22FFB011400074164 /* Frameworks */,
				2F0080A32FFB011400074164 /* Resources */,
			);
			buildRules = (
			);
			fileSystemSynchronizedGroups = (
				2F0080A72FFB011400074164 /* AgentHubMac */,
			);
			packageProductDependencies = (
				A100000000000000000000A2 /* AgentKit */,
			);
			name = AgentHubMac;
			productName = AgentHubMac;
			productReference = 2F0080A52FFB011400074164 /* AgentHubMac.app */;
			productType = "com.apple.product-type.application";
		};
		2F0080B12FFB011500074164 /* AgentHubMacTests */ = {
			isa = PBXNativeTarget;
			buildConfigurationList = 2F0080C72FFB011500074164 /* Build configuration list for PBXNativeTarget "AgentHubMacTests" */;
			buildPhases = (
				2F0080AE2FFB011500074164 /* Sources */,
				2F0080AF2FFB011500074164 /* Frameworks */,
				2F0080B02FFB011500074164 /* Resources */,
			);
			buildRules = (
			);
			dependencies = (
				2F0080B42FFB011500074164 /* PBXTargetDependency */,
			);
			fileSystemSynchronizedGroups = (
				2F0080B52FFB011500074164 /* AgentHubMacTests */,
			);
			name = AgentHubMacTests;
			productName = AgentHubMacTests;
			productReference = 2F0080B22FFB011500074164 /* AgentHubMacTests.xctest */;
			productType = "com.apple.product-type.bundle.unit-test";
		};
		2F0080BB2FFB011500074164 /* AgentHubMacUITests */ = {
			isa = PBXNativeTarget;
			buildConfigurationList = 2F0080CA2FFB011500074164 /* Build configuration list for PBXNativeTarget "AgentHubMacUITests" */;
			buildPhases = (
				2F0080B82FFB011500074164 /* Sources */,
				2F0080B92FFB011500074164 /* Frameworks */,
				2F0080BA2FFB011500074164 /* Resources */,
			);
			buildRules = (
			);
			dependencies = (
				2F0080BE2FFB011500074164 /* PBXTargetDependency */,
			);
			fileSystemSynchronizedGroups = (
				2F0080BF2FFB011500074164 /* AgentHubMacUITests */,
			);
			name = AgentHubMacUITests;
			productName = AgentHubMacUITests;
			productReference = 2F0080BC2FFB011500074164 /* AgentHubMacUITests.xctest */;
			productType = "com.apple.product-type.bundle.ui-testing";
		};
/* End PBXNativeTarget section */

/* Begin PBXProject section */
		2F00809D2FFB011400074164 /* Project object */ = {
			isa = PBXProject;
			attributes = {
				BuildIndependentTargetsInParallel = 1;
				LastSwiftUpdateCheck = 2700;
				LastUpgradeCheck = 2700;
				TargetAttributes = {
					2F0080A42FFB011400074164 = {
						CreatedOnToolsVersion = 27.0;
					};
					2F0080B12FFB011500074164 = {
						CreatedOnToolsVersion = 27.0;
						TestTargetID = 2F0080A42FFB011400074164;
					};
					2F0080BB2FFB011500074164 = {
						CreatedOnToolsVersion = 27.0;
						TestTargetID = 2F0080A42FFB011400074164;
					};
				};
			};
			buildConfigurationList = 2F0080A02FFB011400074164 /* Build configuration list for PBXProject "AgentHubMac" */;
			developmentRegion = en;
			hasScannedForEncodings = 0;
			knownRegions = (
				en,
				Base,
			);
			mainGroup = 2F00809C2FFB011400074164;
			minimizedProjectReferenceProxies = 1;
			packageReferences = (
				A100000000000000000000A1 /* XCLocalSwiftPackageReference "../../Packages/AgentKit" */,
			);
			preferredProjectObjectVersion = 77;
			productRefGroup = 2F0080A62FFB011400074164 /* Products */;
			projectDirPath = "";
			projectRoot = "";
			targets = (
				2F0080A42FFB011400074164 /* AgentHubMac */,
				2F0080B12FFB011500074164 /* AgentHubMacTests */,
				2F0080BB2FFB011500074164 /* AgentHubMacUITests */,
			);
		};
/* End PBXProject section */

/* Begin PBXResourcesBuildPhase section */
		2F0080A32FFB011400074164 /* Resources */ = {
			isa = PBXResourcesBuildPhase;
			files = (
			);
		};
		2F0080B02FFB011500074164 /* Resources */ = {
			isa = PBXResourcesBuildPhase;
			files = (
			);
		};
		2F0080BA2FFB011500074164 /* Resources */ = {
			isa = PBXResourcesBuildPhase;
			files = (
			);
		};
/* End PBXResourcesBuildPhase section */

/* Begin PBXSourcesBuildPhase section */
		2F0080A12FFB011400074164 /* Sources */ = {
			isa = PBXSourcesBuildPhase;
			files = (
			);
		};
		2F0080AE2FFB011500074164 /* Sources */ = {
			isa = PBXSourcesBuildPhase;
			files = (
			);
		};
		2F0080B82FFB011500074164 /* Sources */ = {
			isa = PBXSourcesBuildPhase;
			files = (
			);
		};
/* End PBXSourcesBuildPhase section */

/* Begin PBXTargetDependency section */
		2F0080B42FFB011500074164 /* PBXTargetDependency */ = {
			isa = PBXTargetDependency;
			target = 2F0080A42FFB011400074164 /* AgentHubMac */;
			targetProxy = 2F0080B32FFB011500074164 /* PBXContainerItemProxy */;
		};
		2F0080BE2FFB011500074164 /* PBXTargetDependency */ = {
			isa = PBXTargetDependency;
			target = 2F0080A42FFB011400074164 /* AgentHubMac */;
			targetProxy = 2F0080BD2FFB011500074164 /* PBXContainerItemProxy */;
		};
/* End PBXTargetDependency section */

/* Begin XCBuildConfiguration section */
		2F0080C22FFB011500074164 /* Debug configuration for PBXProject "AgentHubMac" */ = {
			isa = XCBuildConfiguration;
			buildSettings = {
				ALWAYS_SEARCH_USER_PATHS = NO;
				ASSETCATALOG_COMPILER_GENERATE_SWIFT_ASSET_SYMBOL_EXTENSIONS = YES;
				CLANG_ANALYZER_NONNULL = YES;
				CLANG_ANALYZER_NUMBER_OBJECT_CONVERSION = YES_AGGRESSIVE;
				CLANG_CXX_LANGUAGE_STANDARD = "gnu++20";
				CLANG_ENABLE_MODULES = YES;
				CLANG_ENABLE_OBJC_ARC = YES;
				CLANG_ENABLE_OBJC_WEAK = YES;
				CLANG_WARN_BLOCK_CAPTURE_AUTORELEASING = YES;
				CLANG_WARN_BOOL_CONVERSION = YES;
				CLANG_WARN_COMMA = YES;
				CLANG_WARN_CONSTANT_CONVERSION = YES;
				CLANG_WARN_DEPRECATED_OBJC_IMPLEMENTATIONS = YES;
				CLANG_WARN_DIRECT_OBJC_ISA_USAGE = YES_ERROR;
				CLANG_WARN_DOCUMENTATION_COMMENTS = YES;
				CLANG_WARN_EMPTY_BODY = YES;
				CLANG_WARN_ENUM_CONVERSION = YES;
				CLANG_WARN_INFINITE_RECURSION = YES;
				CLANG_WARN_INT_CONVERSION = YES;
				CLANG_WARN_NON_LITERAL_NULL_CONVERSION = YES;
				CLANG_WARN_OBJC_IMPLICIT_RETAIN_SELF = YES;
				CLANG_WARN_OBJC_LITERAL_CONVERSION = YES;
				CLANG_WARN_OBJC_ROOT_CLASS = YES_ERROR;
				CLANG_WARN_QUOTED_INCLUDE_IN_FRAMEWORK_HEADER = YES;
				CLANG_WARN_RANGE_LOOP_ANALYSIS = YES;
				CLANG_WARN_STRICT_PROTOTYPES = YES;
				CLANG_WARN_SUSPICIOUS_MOVE = YES;
				CLANG_WARN_UNGUARDED_AVAILABILITY = YES_AGGRESSIVE;
				CLANG_WARN_UNREACHABLE_CODE = YES;
				CLANG_WARN__DUPLICATE_METHOD_MATCH = YES;
				COPY_PHASE_STRIP = NO;
				DEBUG_INFORMATION_FORMAT = dwarf;
				DEVELOPMENT_TEAM = 38C5XXGVU6;
				ENABLE_STRICT_OBJC_MSGSEND = YES;
				ENABLE_TESTABILITY = YES;
				ENABLE_USER_SCRIPT_SANDBOXING = YES;
				GCC_C_LANGUAGE_STANDARD = gnu17;
				GCC_DYNAMIC_NO_PIC = NO;
				GCC_NO_COMMON_BLOCKS = YES;
				GCC_OPTIMIZATION_LEVEL = 0;
				GCC_PREPROCESSOR_DEFINITIONS = (
					"DEBUG=1",
					"$(inherited)",
				);
				GCC_WARN_64_TO_32_BIT_CONVERSION = YES;
				GCC_WARN_ABOUT_RETURN_TYPE = YES_ERROR;
				GCC_WARN_UNDECLARED_SELECTOR = YES;
				GCC_WARN_UNINITIALIZED_AUTOS = YES_AGGRESSIVE;
				GCC_WARN_UNUSED_FUNCTION = YES;
				GCC_WARN_UNUSED_VARIABLE = YES;
				LOCALIZATION_PREFERS_STRING_CATALOGS = YES;
				MACOSX_DEPLOYMENT_TARGET = 27.0;
				MTL_ENABLE_DEBUG_INFO = INCLUDE_SOURCE;
				MTL_FAST_MATH = YES;
				ONLY_ACTIVE_ARCH = YES;
				SDKROOT = macosx;
				SWIFT_ACTIVE_COMPILATION_CONDITIONS = "DEBUG $(inherited)";
				SWIFT_OPTIMIZATION_LEVEL = "-Onone";
			};
			name = Debug;
		};
		2F0080C32FFB011500074164 /* Release configuration for PBXProject "AgentHubMac" */ = {
			isa = XCBuildConfiguration;
			buildSettings = {
				ALWAYS_SEARCH_USER_PATHS = NO;
				ASSETCATALOG_COMPILER_GENERATE_SWIFT_ASSET_SYMBOL_EXTENSIONS = YES;
				CLANG_ANALYZER_NONNULL = YES;
				CLANG_ANALYZER_NUMBER_OBJECT_CONVERSION = YES_AGGRESSIVE;
				CLANG_CXX_LANGUAGE_STANDARD = "gnu++20";
				CLANG_ENABLE_MODULES = YES;
				CLANG_ENABLE_OBJC_ARC = YES;
				CLANG_ENABLE_OBJC_WEAK = YES;
				CLANG_WARN_BLOCK_CAPTURE_AUTORELEASING = YES;
				CLANG_WARN_BOOL_CONVERSION = YES;
				CLANG_WARN_COMMA = YES;
				CLANG_WARN_CONSTANT_CONVERSION = YES;
				CLANG_WARN_DEPRECATED_OBJC_IMPLEMENTATIONS = YES;
				CLANG_WARN_DIRECT_OBJC_ISA_USAGE = YES_ERROR;
				CLANG_WARN_DOCUMENTATION_COMMENTS = YES;
				CLANG_WARN_EMPTY_BODY = YES;
				CLANG_WARN_ENUM_CONVERSION = YES;
				CLANG_WARN_INFINITE_RECURSION = YES;
				CLANG_WARN_INT_CONVERSION = YES;
				CLANG_WARN_NON_LITERAL_NULL_CONVERSION = YES;
				CLANG_WARN_OBJC_IMPLICIT_RETAIN_SELF = YES;
				CLANG_WARN_OBJC_LITERAL_CONVERSION = YES;
				CLANG_WARN_OBJC_ROOT_CLASS = YES_ERROR;
				CLANG_WARN_QUOTED_INCLUDE_IN_FRAMEWORK_HEADER = YES;
				CLANG_WARN_RANGE_LOOP_ANALYSIS = YES;
				CLANG_WARN_STRICT_PROTOTYPES = YES;
				CLANG_WARN_SUSPICIOUS_MOVE = YES;
				CLANG_WARN_UNGUARDED_AVAILABILITY = YES_AGGRESSIVE;
				CLANG_WARN_UNREACHABLE_CODE = YES;
				CLANG_WARN__DUPLICATE_METHOD_MATCH = YES;
				COPY_PHASE_STRIP = NO;
				DEBUG_INFORMATION_FORMAT = "dwarf-with-dsym";
				DEVELOPMENT_TEAM = 38C5XXGVU6;
				ENABLE_NS_ASSERTIONS = NO;
				ENABLE_STRICT_OBJC_MSGSEND = YES;
				ENABLE_USER_SCRIPT_SANDBOXING = YES;
				GCC_C_LANGUAGE_STANDARD = gnu17;
				GCC_NO_COMMON_BLOCKS = YES;
				GCC_WARN_64_TO_32_BIT_CONVERSION = YES;
				GCC_WARN_ABOUT_RETURN_TYPE = YES_ERROR;
				GCC_WARN_UNDECLARED_SELECTOR = YES;
				GCC_WARN_UNINITIALIZED_AUTOS = YES_AGGRESSIVE;
				GCC_WARN_UNUSED_FUNCTION = YES;
				GCC_WARN_UNUSED_VARIABLE = YES;
				LOCALIZATION_PREFERS_STRING_CATALOGS = YES;
				MACOSX_DEPLOYMENT_TARGET = 27.0;
				MTL_ENABLE_DEBUG_INFO = NO;
				MTL_FAST_MATH = YES;
				SDKROOT = macosx;
				SWIFT_COMPILATION_MODE = wholemodule;
			};
			name = Release;
		};
		2F0080C52FFB011500074164 /* Debug configuration for PBXNativeTarget "AgentHubMac" */ = {
			isa = XCBuildConfiguration;
			buildSettings = {
				ASSETCATALOG_COMPILER_APPICON_NAME = AppIcon;
				ASSETCATALOG_COMPILER_GLOBAL_ACCENT_COLOR_NAME = AccentColor;
				CODE_SIGN_STYLE = Automatic;
				COMBINE_HIDPI_IMAGES = YES;
				CURRENT_PROJECT_VERSION = 1;
				DEVELOPMENT_TEAM = 38C5XXGVU6;
				ENABLE_APP_SANDBOX = YES;
				ENABLE_HARDENED_RUNTIME = YES;
				ENABLE_PREVIEWS = YES;
				ENABLE_USER_SELECTED_FILES = readonly;
				GENERATE_INFOPLIST_FILE = YES;
				INFOPLIST_KEY_NSHumanReadableCopyright = "";
				LD_RUNPATH_SEARCH_PATHS = (
					"$(inherited)",
					"@executable_path/../Frameworks",
				);
				MARKETING_VERSION = 1.0;
				PRODUCT_BUNDLE_IDENTIFIER = com.isidoro.AgentHubMac;
				PRODUCT_NAME = "$(TARGET_NAME)";
				REGISTER_APP_GROUPS = YES;
				STRING_CATALOG_GENERATE_SYMBOLS = YES;
				SWIFT_APPROACHABLE_CONCURRENCY = YES;
				SWIFT_DEFAULT_ACTOR_ISOLATION = MainActor;
				SWIFT_EMIT_LOC_STRINGS = YES;
				SWIFT_UPCOMING_FEATURE_MEMBER_IMPORT_VISIBILITY = YES;
				SWIFT_VERSION = 5.0;
			};
			name = Debug;
		};
		2F0080C62FFB011500074164 /* Release configuration for PBXNativeTarget "AgentHubMac" */ = {
			isa = XCBuildConfiguration;
			buildSettings = {
				ASSETCATALOG_COMPILER_APPICON_NAME = AppIcon;
				ASSETCATALOG_COMPILER_GLOBAL_ACCENT_COLOR_NAME = AccentColor;
				CODE_SIGN_STYLE = Automatic;
				COMBINE_HIDPI_IMAGES = YES;
				CURRENT_PROJECT_VERSION = 1;
				DEVELOPMENT_TEAM = 38C5XXGVU6;
				ENABLE_APP_SANDBOX = YES;
				ENABLE_HARDENED_RUNTIME = YES;
				ENABLE_PREVIEWS = YES;
				ENABLE_USER_SELECTED_FILES = readonly;
				GENERATE_INFOPLIST_FILE = YES;
				INFOPLIST_KEY_NSHumanReadableCopyright = "";
				LD_RUNPATH_SEARCH_PATHS = (
					"$(inherited)",
					"@executable_path/../Frameworks",
				);
				MARKETING_VERSION = 1.0;
				PRODUCT_BUNDLE_IDENTIFIER = com.isidoro.AgentHubMac;
				PRODUCT_NAME = "$(TARGET_NAME)";
				REGISTER_APP_GROUPS = YES;
				STRING_CATALOG_GENERATE_SYMBOLS = YES;
				SWIFT_APPROACHABLE_CONCURRENCY = YES;
				SWIFT_DEFAULT_ACTOR_ISOLATION = MainActor;
				SWIFT_EMIT_LOC_STRINGS = YES;
				SWIFT_UPCOMING_FEATURE_MEMBER_IMPORT_VISIBILITY = YES;
				SWIFT_VERSION = 5.0;
			};
			name = Release;
		};
		2F0080C82FFB011500074164 /* Debug configuration for PBXNativeTarget "AgentHubMacTests" */ = {
			isa = XCBuildConfiguration;
			buildSettings = {
				BUNDLE_LOADER = "$(TEST_HOST)";
				CODE_SIGN_STYLE = Automatic;
				CURRENT_PROJECT_VERSION = 1;
				DEVELOPMENT_TEAM = 38C5XXGVU6;
				GENERATE_INFOPLIST_FILE = YES;
				MACOSX_DEPLOYMENT_TARGET = 27.0;
				MARKETING_VERSION = 1.0;
				PRODUCT_BUNDLE_IDENTIFIER = com.isidoro.AgentHubMacTests;
				PRODUCT_NAME = "$(TARGET_NAME)";
				STRING_CATALOG_GENERATE_SYMBOLS = NO;
				SWIFT_APPROACHABLE_CONCURRENCY = YES;
				SWIFT_EMIT_LOC_STRINGS = NO;
				SWIFT_UPCOMING_FEATURE_MEMBER_IMPORT_VISIBILITY = YES;
				SWIFT_VERSION = 5.0;
				TEST_HOST = "$(BUILT_PRODUCTS_DIR)/AgentHubMac.app/$(BUNDLE_EXECUTABLE_FOLDER_PATH)/AgentHubMac";
			};
			name = Debug;
		};
		2F0080C92FFB011500074164 /* Release configuration for PBXNativeTarget "AgentHubMacTests" */ = {
			isa = XCBuildConfiguration;
			buildSettings = {
				BUNDLE_LOADER = "$(TEST_HOST)";
				CODE_SIGN_STYLE = Automatic;
				CURRENT_PROJECT_VERSION = 1;
				DEVELOPMENT_TEAM = 38C5XXGVU6;
				GENERATE_INFOPLIST_FILE = YES;
				MACOSX_DEPLOYMENT_TARGET = 27.0;
				MARKETING_VERSION = 1.0;
				PRODUCT_BUNDLE_IDENTIFIER = com.isidoro.AgentHubMacTests;
				PRODUCT_NAME = "$(TARGET_NAME)";
				STRING_CATALOG_GENERATE_SYMBOLS = NO;
				SWIFT_APPROACHABLE_CONCURRENCY = YES;
				SWIFT_EMIT_LOC_STRINGS = NO;
				SWIFT_UPCOMING_FEATURE_MEMBER_IMPORT_VISIBILITY = YES;
				SWIFT_VERSION = 5.0;
				TEST_HOST = "$(BUILT_PRODUCTS_DIR)/AgentHubMac.app/$(BUNDLE_EXECUTABLE_FOLDER_PATH)/AgentHubMac";
			};
			name = Release;
		};
		2F0080CB2FFB011500074164 /* Debug configuration for PBXNativeTarget "AgentHubMacUITests" */ = {
			isa = XCBuildConfiguration;
			buildSettings = {
				CODE_SIGN_STYLE = Automatic;
				CURRENT_PROJECT_VERSION = 1;
				DEVELOPMENT_TEAM = 38C5XXGVU6;
				GENERATE_INFOPLIST_FILE = YES;
				MARKETING_VERSION = 1.0;
				PRODUCT_BUNDLE_IDENTIFIER = com.isidoro.AgentHubMacUITests;
				PRODUCT_NAME = "$(TARGET_NAME)";
				STRING_CATALOG_GENERATE_SYMBOLS = NO;
				SWIFT_APPROACHABLE_CONCURRENCY = YES;
				SWIFT_EMIT_LOC_STRINGS = NO;
				SWIFT_UPCOMING_FEATURE_MEMBER_IMPORT_VISIBILITY = YES;
				SWIFT_VERSION = 5.0;
				TEST_TARGET_NAME = AgentHubMac;
			};
			name = Debug;
		};
		2F0080CC2FFB011500074164 /* Release configuration for PBXNativeTarget "AgentHubMacUITests" */ = {
			isa = XCBuildConfiguration;
			buildSettings = {
				CODE_SIGN_STYLE = Automatic;
				CURRENT_PROJECT_VERSION = 1;
				DEVELOPMENT_TEAM = 38C5XXGVU6;
				GENERATE_INFOPLIST_FILE = YES;
				MARKETING_VERSION = 1.0;
				PRODUCT_BUNDLE_IDENTIFIER = com.isidoro.AgentHubMacUITests;
				PRODUCT_NAME = "$(TARGET_NAME)";
				STRING_CATALOG_GENERATE_SYMBOLS = NO;
				SWIFT_APPROACHABLE_CONCURRENCY = YES;
				SWIFT_EMIT_LOC_STRINGS = NO;
				SWIFT_UPCOMING_FEATURE_MEMBER_IMPORT_VISIBILITY = YES;
				SWIFT_VERSION = 5.0;
				TEST_TARGET_NAME = AgentHubMac;
			};
			name = Release;
		};
/* End XCBuildConfiguration section */

/* Begin XCConfigurationList section */
		2F0080A02FFB011400074164 /* Build configuration list for PBXProject "AgentHubMac" */ = {
			isa = XCConfigurationList;
			buildConfigurations = (
				2F0080C22FFB011500074164 /* Debug configuration for PBXProject "AgentHubMac" */,
				2F0080C32FFB011500074164 /* Release configuration for PBXProject "AgentHubMac" */,
			);
			defaultConfigurationName = Release;
		};
		2F0080C42FFB011500074164 /* Build configuration list for PBXNativeTarget "AgentHubMac" */ = {
			isa = XCConfigurationList;
			buildConfigurations = (
				2F0080C52FFB011500074164 /* Debug configuration for PBXNativeTarget "AgentHubMac" */,
				2F0080C62FFB011500074164 /* Release configuration for PBXNativeTarget "AgentHubMac" */,
			);
			defaultConfigurationName = Release;
		};
		2F0080C72FFB011500074164 /* Build configuration list for PBXNativeTarget "AgentHubMacTests" */ = {
			isa = XCConfigurationList;
			buildConfigurations = (
				2F0080C82FFB011500074164 /* Debug configuration for PBXNativeTarget "AgentHubMacTests" */,
				2F0080C92FFB011500074164 /* Release configuration for PBXNativeTarget "AgentHubMacTests" */,
			);
			defaultConfigurationName = Release;
		};
		2F0080CA2FFB011500074164 /* Build configuration list for PBXNativeTarget "AgentHubMacUITests" */ = {
			isa = XCConfigurationList;
			buildConfigurations = (
				2F0080CB2FFB011500074164 /* Debug configuration for PBXNativeTarget "AgentHubMacUITests" */,
				2F0080CC2FFB011500074164 /* Release configuration for PBXNativeTarget "AgentHubMacUITests" */,
			);
			defaultConfigurationName = Release;
		};
/* End XCConfigurationList section */

/* Begin XCLocalSwiftPackageReference section */
		A100000000000000000000A1 /* XCLocalSwiftPackageReference "../../Packages/AgentKit" */ = {
			isa = XCLocalSwiftPackageReference;
			relativePath = "../../Packages/AgentKit";
		};
/* End XCLocalSwiftPackageReference section */

/* Begin XCSwiftPackageProductDependency section */
		A100000000000000000000A2 /* AgentKit */ = {
			isa = XCSwiftPackageProductDependency;
			productName = AgentKit;
		};
/* End XCSwiftPackageProductDependency section */
	};
	rootObject = 2F00809D2FFB011400074164 /* Project object */;
	validationLevel = 1;
}
