// !$*UTF8*$!
{
	archiveVersion = 1;
	classes = {
	};
	objectVersion = 110;
	objects = {

/* Begin PBXContainerItemProxy section */
		2FF11C082FF86B00006AF42A /* PBXContainerItemProxy */ = {
			isa = PBXContainerItemProxy;
			containerPortal = 2FF11BF22FF86AFF006AF42A /* Project object */;
			proxyType = 1;
			remoteGlobalIDString = 2FF11BF92FF86AFF006AF42A;
			remoteInfo = Promethius;
		};
		2FF11C122FF86B00006AF42A /* PBXContainerItemProxy */ = {
			isa = PBXContainerItemProxy;
			containerPortal = 2FF11BF22FF86AFF006AF42A /* Project object */;
			proxyType = 1;
			remoteGlobalIDString = 2FF11BF92FF86AFF006AF42A;
			remoteInfo = Promethius;
		};
/* End PBXContainerItemProxy section */

/* Begin PBXFileReference section */
		2FF11BFA2FF86AFF006AF42A /* Promethius.app */ = {isa = PBXFileReference; explicitFileType = wrapper.application; includeInIndex = 0; path = Promethius.app; sourceTree = BUILT_PRODUCTS_DIR; };
		2FF11C072FF86B00006AF42A /* PromethiusTests.xctest */ = {isa = PBXFileReference; explicitFileType = wrapper.cfbundle; includeInIndex = 0; path = PromethiusTests.xctest; sourceTree = BUILT_PRODUCTS_DIR; };
		2FF11C112FF86B00006AF42A /* PromethiusUITests.xctest */ = {isa = PBXFileReference; explicitFileType = wrapper.cfbundle; includeInIndex = 0; path = PromethiusUITests.xctest; sourceTree = BUILT_PRODUCTS_DIR; };
/* End PBXFileReference section */

/* Begin PBXFileSystemSynchronizedRootGroup section */
		2FF11BFC2FF86AFF006AF42A /* Promethius */ = {
			isa = PBXFileSystemSynchronizedRootGroup;
			path = Promethius;
			sourceTree = "<group>";
		};
		2FF11C0A2FF86B00006AF42A /* PromethiusTests */ = {
			isa = PBXFileSystemSynchronizedRootGroup;
			path = PromethiusTests;
			sourceTree = "<group>";
		};
		2FF11C142FF86B00006AF42A /* PromethiusUITests */ = {
			isa = PBXFileSystemSynchronizedRootGroup;
			path = PromethiusUITests;
			sourceTree = "<group>";
		};
/* End PBXFileSystemSynchronizedRootGroup section */

/* Begin PBXFrameworksBuildPhase section */
		2FF11BF72FF86AFF006AF42A /* Frameworks */ = {
			isa = PBXFrameworksBuildPhase;
			files = (
			);
		};
		2FF11C042FF86B00006AF42A /* Frameworks */ = {
			isa = PBXFrameworksBuildPhase;
			files = (
			);
		};
		2FF11C0E2FF86B00006AF42A /* Frameworks */ = {
			isa = PBXFrameworksBuildPhase;
			files = (
			);
		};
/* End PBXFrameworksBuildPhase section */

/* Begin PBXGroup section */
		2FF11BF12FF86AFF006AF42A = {
			isa = PBXGroup;
			children = (
				2FF11BFC2FF86AFF006AF42A /* Promethius */,
				2FF11C0A2FF86B00006AF42A /* PromethiusTests */,
				2FF11C142FF86B00006AF42A /* PromethiusUITests */,
				2FF11BFB2FF86AFF006AF42A /* Products */,
			);
			sourceTree = "<group>";
		};
		2FF11BFB2FF86AFF006AF42A /* Products */ = {
			isa = PBXGroup;
			children = (
				2FF11BFA2FF86AFF006AF42A /* Promethius.app */,
				2FF11C072FF86B00006AF42A /* PromethiusTests.xctest */,
				2FF11C112FF86B00006AF42A /* PromethiusUITests.xctest */,
			);
			name = Products;
			sourceTree = "<group>";
		};
/* End PBXGroup section */

/* Begin PBXNativeTarget section */
		2FF11BF92FF86AFF006AF42A /* Promethius */ = {
			isa = PBXNativeTarget;
			buildConfigurationList = 2FF11C192FF86B00006AF42A /* Build configuration list for PBXNativeTarget "Promethius" */;
			buildPhases = (
				2FF11BF62FF86AFF006AF42A /* Sources */,
				2FF11BF72FF86AFF006AF42A /* Frameworks */,
				2FF11BF82FF86AFF006AF42A /* Resources */,
			);
			buildRules = (
			);
			fileSystemSynchronizedGroups = (
				2FF11BFC2FF86AFF006AF42A /* Promethius */,
			);
			name = Promethius;
			productName = Promethius;
			productReference = 2FF11BFA2FF86AFF006AF42A /* Promethius.app */;
			productType = "com.apple.product-type.application";
		};
		2FF11C062FF86B00006AF42A /* PromethiusTests */ = {
			isa = PBXNativeTarget;
			buildConfigurationList = 2FF11C1C2FF86B00006AF42A /* Build configuration list for PBXNativeTarget "PromethiusTests" */;
			buildPhases = (
				2FF11C032FF86B00006AF42A /* Sources */,
				2FF11C042FF86B00006AF42A /* Frameworks */,
				2FF11C052FF86B00006AF42A /* Resources */,
			);
			buildRules = (
			);
			dependencies = (
				2FF11C092FF86B00006AF42A /* PBXTargetDependency */,
			);
			fileSystemSynchronizedGroups = (
				2FF11C0A2FF86B00006AF42A /* PromethiusTests */,
			);
			name = PromethiusTests;
			productName = PromethiusTests;
			productReference = 2FF11C072FF86B00006AF42A /* PromethiusTests.xctest */;
			productType = "com.apple.product-type.bundle.unit-test";
		};
		2FF11C102FF86B00006AF42A /* PromethiusUITests */ = {
			isa = PBXNativeTarget;
			buildConfigurationList = 2FF11C1F2FF86B00006AF42A /* Build configuration list for PBXNativeTarget "PromethiusUITests" */;
			buildPhases = (
				2FF11C0D2FF86B00006AF42A /* Sources */,
				2FF11C0E2FF86B00006AF42A /* Frameworks */,
				2FF11C0F2FF86B00006AF42A /* Resources */,
			);
			buildRules = (
			);
			dependencies = (
				2FF11C132FF86B00006AF42A /* PBXTargetDependency */,
			);
			fileSystemSynchronizedGroups = (
				2FF11C142FF86B00006AF42A /* PromethiusUITests */,
			);
			name = PromethiusUITests;
			productName = PromethiusUITests;
			productReference = 2FF11C112FF86B00006AF42A /* PromethiusUITests.xctest */;
			productType = "com.apple.product-type.bundle.ui-testing";
		};
/* End PBXNativeTarget section */

/* Begin PBXProject section */
		2FF11BF22FF86AFF006AF42A /* Project object */ = {
			isa = PBXProject;
			attributes = {
				BuildIndependentTargetsInParallel = 1;
				LastSwiftUpdateCheck = 2700;
				LastUpgradeCheck = 2700;
				TargetAttributes = {
					2FF11BF92FF86AFF006AF42A = {
						CreatedOnToolsVersion = 27.0;
					};
					2FF11C062FF86B00006AF42A = {
						CreatedOnToolsVersion = 27.0;
						TestTargetID = 2FF11BF92FF86AFF006AF42A;
					};
					2FF11C102FF86B00006AF42A = {
						CreatedOnToolsVersion = 27.0;
						TestTargetID = 2FF11BF92FF86AFF006AF42A;
					};
				};
			};
			buildConfigurationList = 2FF11BF52FF86AFF006AF42A /* Build configuration list for PBXProject "Promethius" */;
			developmentRegion = en;
			hasScannedForEncodings = 0;
			knownRegions = (
				en,
				Base,
			);
			mainGroup = 2FF11BF12FF86AFF006AF42A;
			minimizedProjectReferenceProxies = 1;
			preferredProjectObjectVersion = 77;
			productRefGroup = 2FF11BFB2FF86AFF006AF42A /* Products */;
			projectDirPath = "";
			projectRoot = "";
			targets = (
				2FF11BF92FF86AFF006AF42A /* Promethius */,
				2FF11C062FF86B00006AF42A /* PromethiusTests */,
				2FF11C102FF86B00006AF42A /* PromethiusUITests */,
			);
		};
/* End PBXProject section */

/* Begin PBXResourcesBuildPhase section */
		2FF11BF82FF86AFF006AF42A /* Resources */ = {
			isa = PBXResourcesBuildPhase;
			files = (
			);
		};
		2FF11C052FF86B00006AF42A /* Resources */ = {
			isa = PBXResourcesBuildPhase;
			files = (
			);
		};
		2FF11C0F2FF86B00006AF42A /* Resources */ = {
			isa = PBXResourcesBuildPhase;
			files = (
			);
		};
/* End PBXResourcesBuildPhase section */

/* Begin PBXSourcesBuildPhase section */
		2FF11BF62FF86AFF006AF42A /* Sources */ = {
			isa = PBXSourcesBuildPhase;
			files = (
			);
		};
		2FF11C032FF86B00006AF42A /* Sources */ = {
			isa = PBXSourcesBuildPhase;
			files = (
			);
		};
		2FF11C0D2FF86B00006AF42A /* Sources */ = {
			isa = PBXSourcesBuildPhase;
			files = (
			);
		};
/* End PBXSourcesBuildPhase section */

/* Begin PBXTargetDependency section */
		2FF11C092FF86B00006AF42A /* PBXTargetDependency */ = {
			isa = PBXTargetDependency;
			target = 2FF11BF92FF86AFF006AF42A /* Promethius */;
			targetProxy = 2FF11C082FF86B00006AF42A /* PBXContainerItemProxy */;
		};
		2FF11C132FF86B00006AF42A /* PBXTargetDependency */ = {
			isa = PBXTargetDependency;
			target = 2FF11BF92FF86AFF006AF42A /* Promethius */;
			targetProxy = 2FF11C122FF86B00006AF42A /* PBXContainerItemProxy */;
		};
/* End PBXTargetDependency section */

/* Begin XCBuildConfiguration section */
		2FF11C172FF86B00006AF42A /* Debug configuration for PBXProject "Promethius" */ = {
			isa = XCBuildConfiguration;
			buildSettings = {
				ALWAYS_SEARCH_USER_PATHS = NO;
				ASSETCATALOG_COMPILER_GENERATE_SWIFT_ASSET_SYMBOL_EXTENSIONS = YES;
				CLANG_ANALYZER_NONNULL = YES;
				CLANG_ANALYZER_NUMBER_OBJECT_CONVERSION = YES_AGGRESSIVE;
				CLANG_CXX_LANGUAGE_STANDARD = "gnu++20";
				CLANG_ENABLE_MODULES = YES;
				CLANG_ENABLE_OBJC_ARC = YES;
				CLANG_ENABLE_OBJC_WEAK = YES;
				CLANG_WARN_BLOCK_CAPTURE_AUTORELEASING = YES;
				CLANG_WARN_BOOL_CONVERSION = YES;
				CLANG_WARN_COMMA = YES;
				CLANG_WARN_CONSTANT_CONVERSION = YES;
				CLANG_WARN_DEPRECATED_OBJC_IMPLEMENTATIONS = YES;
				CLANG_WARN_DIRECT_OBJC_ISA_USAGE = YES_ERROR;
				CLANG_WARN_DOCUMENTATION_COMMENTS = YES;
				CLANG_WARN_EMPTY_BODY = YES;
				CLANG_WARN_ENUM_CONVERSION = YES;
				CLANG_WARN_INFINITE_RECURSION = YES;
				CLANG_WARN_INT_CONVERSION = YES;
				CLANG_WARN_NON_LITERAL_NULL_CONVERSION = YES;
				CLANG_WARN_OBJC_IMPLICIT_RETAIN_SELF = YES;
				CLANG_WARN_OBJC_LITERAL_CONVERSION = YES;
				CLANG_WARN_OBJC_ROOT_CLASS = YES_ERROR;
				CLANG_WARN_QUOTED_INCLUDE_IN_FRAMEWORK_HEADER = YES;
				CLANG_WARN_RANGE_LOOP_ANALYSIS = YES;
				CLANG_WARN_STRICT_PROTOTYPES = YES;
				CLANG_WARN_SUSPICIOUS_MOVE = YES;
				CLANG_WARN_UNGUARDED_AVAILABILITY = YES_AGGRESSIVE;
				CLANG_WARN_UNREACHABLE_CODE = YES;
				CLANG_WARN__DUPLICATE_METHOD_MATCH = YES;
				COPY_PHASE_STRIP = NO;
				DEBUG_INFORMATION_FORMAT = dwarf;
				DEVELOPMENT_TEAM = 38C5XXGVU6;
				ENABLE_STRICT_OBJC_MSGSEND = YES;
				ENABLE_TESTABILITY = YES;
				ENABLE_USER_SCRIPT_SANDBOXING = YES;
				GCC_C_LANGUAGE_STANDARD = gnu17;
				GCC_DYNAMIC_NO_PIC = NO;
				GCC_NO_COMMON_BLOCKS = YES;
				GCC_OPTIMIZATION_LEVEL = 0;
				GCC_PREPROCESSOR_DEFINITIONS = (
					"DEBUG=1",
					"$(inherited)",
				);
				GCC_WARN_64_TO_32_BIT_CONVERSION = YES;
				GCC_WARN_ABOUT_RETURN_TYPE = YES_ERROR;
				GCC_WARN_UNDECLARED_SELECTOR = YES;
				GCC_WARN_UNINITIALIZED_AUTOS = YES_AGGRESSIVE;
				GCC_WARN_UNUSED_FUNCTION = YES;
				GCC_WARN_UNUSED_VARIABLE = YES;
				LOCALIZATION_PREFERS_STRING_CATALOGS = YES;
				MACOSX_DEPLOYMENT_TARGET = 27.0;
				MTL_ENABLE_DEBUG_INFO = INCLUDE_SOURCE;
				MTL_FAST_MATH = YES;
				ONLY_ACTIVE_ARCH = YES;
				SDKROOT = macosx;
				SWIFT_ACTIVE_COMPILATION_CONDITIONS = "DEBUG $(inherited)";
				SWIFT_OPTIMIZATION_LEVEL = "-Onone";
			};
			name = Debug;
		};
		2FF11C182FF86B00006AF42A /* Release configuration for PBXProject "Promethius" */ = {
			isa = XCBuildConfiguration;
			buildSettings = {
				ALWAYS_SEARCH_USER_PATHS = NO;
				ASSETCATALOG_COMPILER_GENERATE_SWIFT_ASSET_SYMBOL_EXTENSIONS = YES;
				CLANG_ANALYZER_NONNULL = YES;
				CLANG_ANALYZER_NUMBER_OBJECT_CONVERSION = YES_AGGRESSIVE;
				CLANG_CXX_LANGUAGE_STANDARD = "gnu++20";
				CLANG_ENABLE_MODULES = YES;
				CLANG_ENABLE_OBJC_ARC = YES;
				CLANG_ENABLE_OBJC_WEAK = YES;
				CLANG_WARN_BLOCK_CAPTURE_AUTORELEASING = YES;
				CLANG_WARN_BOOL_CONVERSION = YES;
				CLANG_WARN_COMMA = YES;
				CLANG_WARN_CONSTANT_CONVERSION = YES;
				CLANG_WARN_DEPRECATED_OBJC_IMPLEMENTATIONS = YES;
				CLANG_WARN_DIRECT_OBJC_ISA_USAGE = YES_ERROR;
				CLANG_WARN_DOCUMENTATION_COMMENTS = YES;
				CLANG_WARN_EMPTY_BODY = YES;
				CLANG_WARN_ENUM_CONVERSION = YES;
				CLANG_WARN_INFINITE_RECURSION = YES;
				CLANG_WARN_INT_CONVERSION = YES;
				CLANG_WARN_NON_LITERAL_NULL_CONVERSION = YES;
				CLANG_WARN_OBJC_IMPLICIT_RETAIN_SELF = YES;
				CLANG_WARN_OBJC_LITERAL_CONVERSION = YES;
				CLANG_WARN_OBJC_ROOT_CLASS = YES_ERROR;
				CLANG_WARN_QUOTED_INCLUDE_IN_FRAMEWORK_HEADER = YES;
				CLANG_WARN_RANGE_LOOP_ANALYSIS = YES;
				CLANG_WARN_STRICT_PROTOTYPES = YES;
				CLANG_WARN_SUSPICIOUS_MOVE = YES;
				CLANG_WARN_UNGUARDED_AVAILABILITY = YES_AGGRESSIVE;
				CLANG_WARN_UNREACHABLE_CODE = YES;
				CLANG_WARN__DUPLICATE_METHOD_MATCH = YES;
				COPY_PHASE_STRIP = NO;
				DEBUG_INFORMATION_FORMAT = "dwarf-with-dsym";
				DEVELOPMENT_TEAM = 38C5XXGVU6;
				ENABLE_NS_ASSERTIONS = NO;
				ENABLE_STRICT_OBJC_MSGSEND = YES;
				ENABLE_USER_SCRIPT_SANDBOXING = YES;
				GCC_C_LANGUAGE_STANDARD = gnu17;
				GCC_NO_COMMON_BLOCKS = YES;
				GCC_WARN_64_TO_32_BIT_CONVERSION = YES;
				GCC_WARN_ABOUT_RETURN_TYPE = YES_ERROR;
				GCC_WARN_UNDECLARED_SELECTOR = YES;
				GCC_WARN_UNINITIALIZED_AUTOS = YES_AGGRESSIVE;
				GCC_WARN_UNUSED_FUNCTION = YES;
				GCC_WARN_UNUSED_VARIABLE = YES;
				LOCALIZATION_PREFERS_STRING_CATALOGS = YES;
				MACOSX_DEPLOYMENT_TARGET = 27.0;
				MTL_ENABLE_DEBUG_INFO = NO;
				MTL_FAST_MATH = YES;
				SDKROOT = macosx;
				SWIFT_COMPILATION_MODE = wholemodule;
			};
			name = Release;
		};
		2FF11C1A2FF86B00006AF42A /* Debug configuration for PBXNativeTarget "Promethius" */ = {
			isa = XCBuildConfiguration;
			buildSettings = {
				ASSETCATALOG_COMPILER_APPICON_NAME = AppIcon;
				ASSETCATALOG_COMPILER_GLOBAL_ACCENT_COLOR_NAME = AccentColor;
				CODE_SIGN_STYLE = Automatic;
				COMBINE_HIDPI_IMAGES = YES;
				CURRENT_PROJECT_VERSION = 1;
				DEVELOPMENT_TEAM = 38C5XXGVU6;
				ENABLE_APP_SANDBOX = YES;
				ENABLE_HARDENED_RUNTIME = YES;
				ENABLE_PREVIEWS = YES;
				ENABLE_USER_SELECTED_FILES = readonly;
				GENERATE_INFOPLIST_FILE = YES;
				INFOPLIST_KEY_NSHumanReadableCopyright = "";
				LD_RUNPATH_SEARCH_PATHS = (
					"$(inherited)",
					"@executable_path/../Frameworks",
				);
				MARKETING_VERSION = 1.0;
				PRODUCT_BUNDLE_IDENTIFIER = com.isidoro.Promethius;
				PRODUCT_NAME = "$(TARGET_NAME)";
				REGISTER_APP_GROUPS = YES;
				STRING_CATALOG_GENERATE_SYMBOLS = YES;
				SWIFT_APPROACHABLE_CONCURRENCY = YES;
				SWIFT_DEFAULT_ACTOR_ISOLATION = MainActor;
				SWIFT_EMIT_LOC_STRINGS = YES;
				SWIFT_UPCOMING_FEATURE_MEMBER_IMPORT_VISIBILITY = YES;
				SWIFT_VERSION = 5.0;
			};
			name = Debug;
		};
		2FF11C1B2FF86B00006AF42A /* Release configuration for PBXNativeTarget "Promethius" */ = {
			isa = XCBuildConfiguration;
			buildSettings = {
				ASSETCATALOG_COMPILER_APPICON_NAME = AppIcon;
				ASSETCATALOG_COMPILER_GLOBAL_ACCENT_COLOR_NAME = AccentColor;
				CODE_SIGN_STYLE = Automatic;
				COMBINE_HIDPI_IMAGES = YES;
				CURRENT_PROJECT_VERSION = 1;
				DEVELOPMENT_TEAM = 38C5XXGVU6;
				ENABLE_APP_SANDBOX = YES;
				ENABLE_HARDENED_RUNTIME = YES;
				ENABLE_PREVIEWS = YES;
				ENABLE_USER_SELECTED_FILES = readonly;
				GENERATE_INFOPLIST_FILE = YES;
				INFOPLIST_KEY_NSHumanReadableCopyright = "";
				LD_RUNPATH_SEARCH_PATHS = (
					"$(inherited)",
					"@executable_path/../Frameworks",
				);
				MARKETING_VERSION = 1.0;
				PRODUCT_BUNDLE_IDENTIFIER = com.isidoro.Promethius;
				PRODUCT_NAME = "$(TARGET_NAME)";
				REGISTER_APP_GROUPS = YES;
				STRING_CATALOG_GENERATE_SYMBOLS = YES;
				SWIFT_APPROACHABLE_CONCURRENCY = YES;
				SWIFT_DEFAULT_ACTOR_ISOLATION = MainActor;
				SWIFT_EMIT_LOC_STRINGS = YES;
				SWIFT_UPCOMING_FEATURE_MEMBER_IMPORT_VISIBILITY = YES;
				SWIFT_VERSION = 5.0;
			};
			name = Release;
		};
		2FF11C1D2FF86B00006AF42A /* Debug configuration for PBXNativeTarget "PromethiusTests" */ = {
			isa = XCBuildConfiguration;
			buildSettings = {
				BUNDLE_LOADER = "$(TEST_HOST)";
				CODE_SIGN_STYLE = Automatic;
				CURRENT_PROJECT_VERSION = 1;
				DEVELOPMENT_TEAM = 38C5XXGVU6;
				GENERATE_INFOPLIST_FILE = YES;
				MACOSX_DEPLOYMENT_TARGET = 27.0;
				MARKETING_VERSION = 1.0;
				PRODUCT_BUNDLE_IDENTIFIER = com.isidoro.PromethiusTests;
				PRODUCT_NAME = "$(TARGET_NAME)";
				STRING_CATALOG_GENERATE_SYMBOLS = NO;
				SWIFT_APPROACHABLE_CONCURRENCY = YES;
				SWIFT_EMIT_LOC_STRINGS = NO;
				SWIFT_UPCOMING_FEATURE_MEMBER_IMPORT_VISIBILITY = YES;
				SWIFT_VERSION = 5.0;
				TEST_HOST = "$(BUILT_PRODUCTS_DIR)/Promethius.app/$(BUNDLE_EXECUTABLE_FOLDER_PATH)/Promethius";
			};
			name = Debug;
		};
		2FF11C1E2FF86B00006AF42A /* Release configuration for PBXNativeTarget "PromethiusTests" */ = {
			isa = XCBuildConfiguration;
			buildSettings = {
				BUNDLE_LOADER = "$(TEST_HOST)";
				CODE_SIGN_STYLE = Automatic;
				CURRENT_PROJECT_VERSION = 1;
				DEVELOPMENT_TEAM = 38C5XXGVU6;
				GENERATE_INFOPLIST_FILE = YES;
				MACOSX_DEPLOYMENT_TARGET = 27.0;
				MARKETING_VERSION = 1.0;
				PRODUCT_BUNDLE_IDENTIFIER = com.isidoro.PromethiusTests;
				PRODUCT_NAME = "$(TARGET_NAME)";
				STRING_CATALOG_GENERATE_SYMBOLS = NO;
				SWIFT_APPROACHABLE_CONCURRENCY = YES;
				SWIFT_EMIT_LOC_STRINGS = NO;
				SWIFT_UPCOMING_FEATURE_MEMBER_IMPORT_VISIBILITY = YES;
				SWIFT_VERSION = 5.0;
				TEST_HOST = "$(BUILT_PRODUCTS_DIR)/Promethius.app/$(BUNDLE_EXECUTABLE_FOLDER_PATH)/Promethius";
			};
			name = Release;
		};
		2FF11C202FF86B00006AF42A /* Debug configuration for PBXNativeTarget "PromethiusUITests" */ = {
			isa = XCBuildConfiguration;
			buildSettings = {
				CODE_SIGN_STYLE = Automatic;
				CURRENT_PROJECT_VERSION = 1;
				DEVELOPMENT_TEAM = 38C5XXGVU6;
				GENERATE_INFOPLIST_FILE = YES;
				MARKETING_VERSION = 1.0;
				PRODUCT_BUNDLE_IDENTIFIER = com.isidoro.PromethiusUITests;
				PRODUCT_NAME = "$(TARGET_NAME)";
				STRING_CATALOG_GENERATE_SYMBOLS = NO;
				SWIFT_APPROACHABLE_CONCURRENCY = YES;
				SWIFT_EMIT_LOC_STRINGS = NO;
				SWIFT_UPCOMING_FEATURE_MEMBER_IMPORT_VISIBILITY = YES;
				SWIFT_VERSION = 5.0;
				TEST_TARGET_NAME = Promethius;
			};
			name = Debug;
		};
		2FF11C212FF86B00006AF42A /* Release configuration for PBXNativeTarget "PromethiusUITests" */ = {
			isa = XCBuildConfiguration;
			buildSettings = {
				CODE_SIGN_STYLE = Automatic;
				CURRENT_PROJECT_VERSION = 1;
				DEVELOPMENT_TEAM = 38C5XXGVU6;
				GENERATE_INFOPLIST_FILE = YES;
				MARKETING_VERSION = 1.0;
				PRODUCT_BUNDLE_IDENTIFIER = com.isidoro.PromethiusUITests;
				PRODUCT_NAME = "$(TARGET_NAME)";
				STRING_CATALOG_GENERATE_SYMBOLS = NO;
				SWIFT_APPROACHABLE_CONCURRENCY = YES;
				SWIFT_EMIT_LOC_STRINGS = NO;
				SWIFT_UPCOMING_FEATURE_MEMBER_IMPORT_VISIBILITY = YES;
				SWIFT_VERSION = 5.0;
				TEST_TARGET_NAME = Promethius;
			};
			name = Release;
		};
/* End XCBuildConfiguration section */

/* Begin XCConfigurationList section */
		2FF11BF52FF86AFF006AF42A /* Build configuration list for PBXProject "Promethius" */ = {
			isa = XCConfigurationList;
			buildConfigurations = (
				2FF11C172FF86B00006AF42A /* Debug configuration for PBXProject "Promethius" */,
				2FF11C182FF86B00006AF42A /* Release configuration for PBXProject "Promethius" */,
			);
			defaultConfigurationName = Release;
		};
		2FF11C192FF86B00006AF42A /* Build configuration list for PBXNativeTarget "Promethius" */ = {
			isa = XCConfigurationList;
			buildConfigurations = (
				2FF11C1A2FF86B00006AF42A /* Debug configuration for PBXNativeTarget "Promethius" */,
				2FF11C1B2FF86B00006AF42A /* Release configuration for PBXNativeTarget "Promethius" */,
			);
			defaultConfigurationName = Release;
		};
		2FF11C1C2FF86B00006AF42A /* Build configuration list for PBXNativeTarget "PromethiusTests" */ = {
			isa = XCConfigurationList;
			buildConfigurations = (
				2FF11C1D2FF86B00006AF42A /* Debug configuration for PBXNativeTarget "PromethiusTests" */,
				2FF11C1E2FF86B00006AF42A /* Release configuration for PBXNativeTarget "PromethiusTests" */,
			);
			defaultConfigurationName = Release;
		};
		2FF11C1F2FF86B00006AF42A /* Build configuration list for PBXNativeTarget "PromethiusUITests" */ = {
			isa = XCConfigurationList;
			buildConfigurations = (
				2FF11C202FF86B00006AF42A /* Debug configuration for PBXNativeTarget "PromethiusUITests" */,
				2FF11C212FF86B00006AF42A /* Release configuration for PBXNativeTarget "PromethiusUITests" */,
			);
			defaultConfigurationName = Release;
		};
/* End XCConfigurationList section */
	};
	rootObject = 2FF11BF22FF86AFF006AF42A /* Project object */;
	validationLevel = 1;
}
